
Microsoft Visual Studio Solution File, Format Version 12.00
# Visual Studio Version 17
VisualStudioVersion = 17.7.34031.279
MinimumVisualStudioVersion = 10.0.40219.1
Project("{FAE04EC0-301F-11D3-BF4B-00C04F79EFBC}") = "AssistedProject19", "AssistedProject19.csproj", "{40415AA4-517F-4351-AAD5-FBD638569813}"
EndProject
Global
	GlobalSection(SolutionConfigurationPlatforms) = preSolution
		Debug|Any CPU = Debug|Any CPU
		Release|Any CPU = Release|Any CPU
	EndGlobalSection
	GlobalSection(ProjectConfigurationPlatforms) = postSolution
		{40415AA4-517F-4351-AAD5-FBD638569813}.Debug|Any CPU.ActiveCfg = Debug|Any CPU
		{40415AA4-517F-4351-AAD5-FBD638569813}.Debug|Any CPU.Build.0 = Debug|Any CPU
		{40415AA4-517F-4351-AAD5-FBD638569813}.Release|Any CPU.ActiveCfg = Release|Any CPU
		{40415AA4-517F-4351-AAD5-FBD638569813}.Release|Any CPU.Build.0 = Release|Any CPU
	EndGlobalSection
	GlobalSection(SolutionProperties) = preSolution
		HideSolutionNode = FALSE
	EndGlobalSection
	GlobalSection(ExtensibilityGlobals) = postSolution
		SolutionGuid = {6C25C041-95CD-4394-9A70-0EBAECEB190D}
	EndGlobalSection
EndGlobal
